
Microsoft Visual Studio Solution File, Format Version 12.00
# Visual Studio 15
VisualStudioVersion = 15.0.27703.2000
MinimumVisualStudioVersion = 10.0.40219.1
Project("{00D1A9C2-B5F0-4AF3-8072-F6C62B433612}") = "notworkingsolution", "notworkingsolution\notworkingsolution.sqlproj", "{F9127845-5DBB-4B34-91F4-9DC5A72FBF0E}"
EndProject
Global
	GlobalSection(SolutionConfigurationPlatforms) = preSolution
		Debug|Any CPU = Debug|Any CPU
		Release|Any CPU = Release|Any CPU
	EndGlobalSection
	GlobalSection(ProjectConfigurationPlatforms) = postSolution
		{F9127845-5DBB-4B34-91F4-9DC5A72FBF0E}.Debug|Any CPU.ActiveCfg = Debug|Any CPU
		{F9127845-5DBB-4B34-91F4-9DC5A72FBF0E}.Debug|Any CPU.Build.0 = Debug|Any CPU
		{F9127845-5DBB-4B34-91F4-9DC5A72FBF0E}.Debug|Any CPU.Deploy.0 = Debug|Any CPU
		{F9127845-5DBB-4B34-91F4-9DC5A72FBF0E}.Release|Any CPU.ActiveCfg = Release|Any CPU
		{F9127845-5DBB-4B34-91F4-9DC5A72FBF0E}.Release|Any CPU.Build.0 = Release|Any CPU
		{F9127845-5DBB-4B34-91F4-9DC5A72FBF0E}.Release|Any CPU.Deploy.0 = Release|Any CPU
	EndGlobalSection
	GlobalSection(SolutionProperties) = preSolution
		HideSolutionNode = FALSE
	EndGlobalSection
	GlobalSection(ExtensibilityGlobals) = postSolution
		SolutionGuid = {E24C1109-13DF-44A4-995A-111CDB1D4DFB}
	EndGlobalSection
EndGlobal
